
Microsoft Visual Studio Solution File, Format Version 12.00
# Visual Studio 15
VisualStudioVersion = 15.0.28307.421
MinimumVisualStudioVersion = 10.0.40219.1
Project("{2150E333-8FDC-42A3-9474-1A3956D46DE8}") = "Solution Items", "Solution Items", "{9A577C75-E94D-4980-8444-6F7787C358A7}"
	ProjectSection(SolutionItems) = preProject
		.editorconfig = .editorconfig
	EndProjectSection
EndProject
Project("{9A19103F-16F7-4668-BE54-9A1E7A4F7556}") = "PolloPollo.Web.Tests", "PolloPollo.Web.Tests\PolloPollo.Web.Tests.csproj", "{35032571-234A-4C04-BD4F-BDC19F716620}"
EndProject
Project("{9A19103F-16F7-4668-BE54-9A1E7A4F7556}") = "PolloPollo.Entities", "PolloPollo.Entities\PolloPollo.Entities.csproj", "{0BBBBDCF-3526-4599-BB73-08FD43FB9B40}"
EndProject
Project("{9A19103F-16F7-4668-BE54-9A1E7A4F7556}") = "PolloPollo.Entities.Tests", "PolloPollo.Entities.Tests\PolloPollo.Entities.Tests.csproj", "{BE195CAE-61DA-428D-946B-C53597F70D7D}"
EndProject
Project("{9A19103F-16F7-4668-BE54-9A1E7A4F7556}") = "PolloPollo.Repository", "PolloPollo.Repository\PolloPollo.Repository.csproj", "{F177DC95-246E-417E-9A43-DAAAAB6162CE}"
EndProject
Project("{9A19103F-16F7-4668-BE54-9A1E7A4F7556}") = "PolloPollo.Repository.Tests", "PolloPollo.Repository.Tests\PolloPollo.Repository.Tests.csproj", "{C573C43B-6A86-4A17-9704-00F86D566C9E}"
EndProject
Project("{9A19103F-16F7-4668-BE54-9A1E7A4F7556}") = "PolloPollo.Web", "PolloPollo.Web\PolloPollo.Web.csproj", "{51997814-C0E2-41BB-BE2D-E7914C773AD4}"
EndProject
Global
	GlobalSection(SolutionConfigurationPlatforms) = preSolution
		Debug|Any CPU = Debug|Any CPU
		Release|Any CPU = Release|Any CPU
	EndGlobalSection
	GlobalSection(ProjectConfigurationPlatforms) = postSolution
		{35032571-234A-4C04-BD4F-BDC19F716620}.Debug|Any CPU.ActiveCfg = Debug|Any CPU
		{35032571-234A-4C04-BD4F-BDC19F716620}.Debug|Any CPU.Build.0 = Debug|Any CPU
		{35032571-234A-4C04-BD4F-BDC19F716620}.Release|Any CPU.ActiveCfg = Release|Any CPU
		{35032571-234A-4C04-BD4F-BDC19F716620}.Release|Any CPU.Build.0 = Release|Any CPU
		{0BBBBDCF-3526-4599-BB73-08FD43FB9B40}.Debug|Any CPU.ActiveCfg = Debug|Any CPU
		{0BBBBDCF-3526-4599-BB73-08FD43FB9B40}.Debug|Any CPU.Build.0 = Debug|Any CPU
		{0BBBBDCF-3526-4599-BB73-08FD43FB9B40}.Release|Any CPU.ActiveCfg = Release|Any CPU
		{0BBBBDCF-3526-4599-BB73-08FD43FB9B40}.Release|Any CPU.Build.0 = Release|Any CPU
		{BE195CAE-61DA-428D-946B-C53597F70D7D}.Debug|Any CPU.ActiveCfg = Debug|Any CPU
		{BE195CAE-61DA-428D-946B-C53597F70D7D}.Debug|Any CPU.Build.0 = Debug|Any CPU
		{BE195CAE-61DA-428D-946B-C53597F70D7D}.Release|Any CPU.ActiveCfg = Release|Any CPU
		{BE195CAE-61DA-428D-946B-C53597F70D7D}.Release|Any CPU.Build.0 = Release|Any CPU
		{F177DC95-246E-417E-9A43-DAAAAB6162CE}.Debug|Any CPU.ActiveCfg = Debug|Any CPU
		{F177DC95-246E-417E-9A43-DAAAAB6162CE}.Debug|Any CPU.Build.0 = Debug|Any CPU
		{F177DC95-246E-417E-9A43-DAAAAB6162CE}.Release|Any CPU.ActiveCfg = Release|Any CPU
		{F177DC95-246E-417E-9A43-DAAAAB6162CE}.Release|Any CPU.Build.0 = Release|Any CPU
		{C573C43B-6A86-4A17-9704-00F86D566C9E}.Debug|Any CPU.ActiveCfg = Debug|Any CPU
		{C573C43B-6A86-4A17-9704-00F86D566C9E}.Debug|Any CPU.Build.0 = Debug|Any CPU
		{C573C43B-6A86-4A17-9704-00F86D566C9E}.Release|Any CPU.ActiveCfg = Release|Any CPU
		{C573C43B-6A86-4A17-9704-00F86D566C9E}.Release|Any CPU.Build.0 = Release|Any CPU
		{51997814-C0E2-41BB-BE2D-E7914C773AD4}.Debug|Any CPU.ActiveCfg = Debug|Any CPU
		{51997814-C0E2-41BB-BE2D-E7914C773AD4}.Debug|Any CPU.Build.0 = Debug|Any CPU
		{51997814-C0E2-41BB-BE2D-E7914C773AD4}.Release|Any CPU.ActiveCfg = Release|Any CPU
		{51997814-C0E2-41BB-BE2D-E7914C773AD4}.Release|Any CPU.Build.0 = Release|Any CPU
	EndGlobalSection
	GlobalSection(SolutionProperties) = preSolution
		HideSolutionNode = FALSE
	EndGlobalSection
	GlobalSection(ExtensibilityGlobals) = postSolution
		SolutionGuid = {8550116D-6920-49FC-A4BD-0771A2C2193D}
	EndGlobalSection
EndGlobal
